// !$*UTF8*$!
{
	archiveVersion = 1;
	classes = {
	};
	objectVersion = 48;
	objects = {

/* Begin PBXBuildFile section */
		C03220242029718000EEF379 /* PopUpVC.swift in Sources */ = {isa = PBXBuildFile; fileRef = C03220232029718000EEF379 /* PopUpVC.swift */; };
		C048BD6F20235B43008BB8E1 /* AppDelegate.swift in Sources */ = {isa = PBXBuildFile; fileRef = C048BD6E20235B43008BB8E1 /* AppDelegate.swift */; };
		C048BD7120235B43008BB8E1 /* ViewController.swift in Sources */ = {isa = PBXBuildFile; fileRef = C048BD7020235B43008BB8E1 /* ViewController.swift */; };
		C048BD7420235B43008BB8E1 /* Main.storyboard in Resources */ = {isa = PBXBuildFile; fileRef = C048BD7220235B43008BB8E1 /* Main.storyboard */; };
		C048BD7620235B43008BB8E1 /* Assets.xcassets in Resources */ = {isa = PBXBuildFile; fileRef = C048BD7520235B43008BB8E1 /* Assets.xcassets */; };
		C048BD7920235B43008BB8E1 /* LaunchScreen.storyboard in Resources */ = {isa = PBXBuildFile; fileRef = C048BD7720235B43008BB8E1 /* LaunchScreen.storyboard */; };
/* End PBXBuildFile section */

/* Begin PBXFileReference section */
		C03220232029718000EEF379 /* PopUpVC.swift */ = {isa = PBXFileReference; lastKnownFileType = sourcecode.swift; path = PopUpVC.swift; sourceTree = "<group>"; };
		C048BD6B20235B43008BB8E1 /* Liar's Dice.app */ = {isa = PBXFileReference; explicitFileType = wrapper.application; includeInIndex = 0; path = "Liar's Dice.app"; sourceTree = BUILT_PRODUCTS_DIR; };
		C048BD6E20235B43008BB8E1 /* AppDelegate.swift */ = {isa = PBXFileReference; lastKnownFileType = sourcecode.swift; path = AppDelegate.swift; sourceTree = "<group>"; };
		C048BD7020235B43008BB8E1 /* ViewController.swift */ = {isa = PBXFileReference; lastKnownFileType = sourcecode.swift; path = ViewController.swift; sourceTree = "<group>"; };
		C048BD7320235B43008BB8E1 /* Base */ = {isa = PBXFileReference; lastKnownFileType = file.storyboard; name = Base; path = Base.lproj/Main.storyboard; sourceTree = "<group>"; };
		C048BD7520235B43008BB8E1 /* Assets.xcassets */ = {isa = PBXFileReference; lastKnownFileType = folder.assetcatalog; path = Assets.xcassets; sourceTree = "<group>"; };
		C048BD7820235B43008BB8E1 /* Base */ = {isa = PBXFileReference; lastKnownFileType = file.storyboard; name = Base; path = Base.lproj/LaunchScreen.storyboard; sourceTree = "<group>"; };
		C048BD7A20235B43008BB8E1 /* Info.plist */ = {isa = PBXFileReference; lastKnownFileType = text.plist.xml; path = Info.plist; sourceTree = "<group>"; };
/* End PBXFileReference section */

/* Begin PBXFrameworksBuildPhase section */
		C048BD6820235B43008BB8E1 /* Frameworks */ = {
			isa = PBXFrameworksBuildPhase;
			buildActionMask = 2147483647;
			files = (
			);
			runOnlyForDeploymentPostprocessing = 0;
		};
/* End PBXFrameworksBuildPhase section */

/* Begin PBXGroup section */
		C048BD6220235B43008BB8E1 = {
			isa = PBXGroup;
			children = (
				C048BD6D20235B43008BB8E1 /* Liar's Dice */,
				C048BD6C20235B43008BB8E1 /* Products */,
			);
			sourceTree = "<group>";
		};
		C048BD6C20235B43008BB8E1 /* Products */ = {
			isa = PBXGroup;
			children = (
				C048BD6B20235B43008BB8E1 /* Liar's Dice.app */,
			);
			name = Products;
			sourceTree = "<group>";
		};
		C048BD6D20235B43008BB8E1 /* Liar's Dice */ = {
			isa = PBXGroup;
			children = (
				C048BD6E20235B43008BB8E1 /* AppDelegate.swift */,
				C048BD7020235B43008BB8E1 /* ViewController.swift */,
				C03220232029718000EEF379 /* PopUpVC.swift */,
				C048BD7220235B43008BB8E1 /* Main.storyboard */,
				C048BD7520235B43008BB8E1 /* Assets.xcassets */,
				C048BD7720235B43008BB8E1 /* LaunchScreen.storyboard */,
				C048BD7A20235B43008BB8E1 /* Info.plist */,
			);
			path = "Liar's Dice";
			sourceTree = "<group>";
		};
/* End PBXGroup section */

/* Begin PBXNativeTarget section */
		C048BD6A20235B43008BB8E1 /* Liar's Dice */ = {
			isa = PBXNativeTarget;
			buildConfigurationList = C048BD7D20235B43008BB8E1 /* Build configuration list for PBXNativeTarget "Liar's Dice" */;
			buildPhases = (
				C048BD6720235B43008BB8E1 /* Sources */,
				C048BD6820235B43008BB8E1 /* Frameworks */,
				C048BD6920235B43008BB8E1 /* Resources */,
			);
			buildRules = (
			);
			dependencies = (
			);
			name = "Liar's Dice";
			productName = "Liar's Dice";
			productReference = C048BD6B20235B43008BB8E1 /* Liar's Dice.app */;
			productType = "com.apple.product-type.application";
		};
/* End PBXNativeTarget section */

/* Begin PBXProject section */
		C048BD6320235B43008BB8E1 /* Project object */ = {
			isa = PBXProject;
			attributes = {
				LastSwiftUpdateCheck = 0920;
				LastUpgradeCheck = 0920;
				ORGANIZATIONNAME = "Rory Haynes";
				TargetAttributes = {
					C048BD6A20235B43008BB8E1 = {
						CreatedOnToolsVersion = 9.2;
						ProvisioningStyle = Automatic;
					};
				};
			};
			buildConfigurationList = C048BD6620235B43008BB8E1 /* Build configuration list for PBXProject "Liar's Dice" */;
			compatibilityVersion = "Xcode 8.0";
			developmentRegion = en;
			hasScannedForEncodings = 0;
			knownRegions = (
				en,
				Base,
			);
			mainGroup = C048BD6220235B43008BB8E1;
			productRefGroup = C048BD6C20235B43008BB8E1 /* Products */;
			projectDirPath = "";
			projectRoot = "";
			targets = (
				C048BD6A20235B43008BB8E1 /* Liar's Dice */,
			);
		};
/* End PBXProject section */

/* Begin PBXResourcesBuildPhase section */
		C048BD6920235B43008BB8E1 /* Resources */ = {
			isa = PBXResourcesBuildPhase;
			buildActionMask = 2147483647;
			files = (
				C048BD7920235B43008BB8E1 /* LaunchScreen.storyboard in Resources */,
				C048BD7620235B43008BB8E1 /* Assets.xcassets in Resources */,
				C048BD7420235B43008BB8E1 /* Main.storyboard in Resources */,
			);
			runOnlyForDeploymentPostprocessing = 0;
		};
/* End PBXResourcesBuildPhase section */

/* Begin PBXSourcesBuildPhase section */
		C048BD6720235B43008BB8E1 /* Sources */ = {
			isa = PBXSourcesBuildPhase;
			buildActionMask = 2147483647;
			files = (
				C03220242029718000EEF379 /* PopUpVC.swift in Sources */,
				C048BD7120235B43008BB8E1 /* ViewController.swift in Sources */,
				C048BD6F20235B43008BB8E1 /* AppDelegate.swift in Sources */,
			);
			runOnlyForDeploymentPostprocessing = 0;
		};
/* End PBXSourcesBuildPhase section */

/* Begin PBXVariantGroup section */
		C048BD7220235B43008BB8E1 /* Main.storyboard */ = {
			isa = PBXVariantGroup;
			children = (
				C048BD7320235B43008BB8E1 /* Base */,
			);
			name = Main.storyboard;
			sourceTree = "<group>";
		};
		C048BD7720235B43008BB8E1 /* LaunchScreen.storyboard */ = {
			isa = PBXVariantGroup;
			children = (
				C048BD7820235B43008BB8E1 /* Base */,
			);
			name = LaunchScreen.storyboard;
			sourceTree = "<group>";
		};
/* End PBXVariantGroup section */

/* Begin XCBuildConfiguration section */
		C048BD7B20235B43008BB8E1 /* Debug */ = {
			isa = XCBuildConfiguration;
			buildSettings = {
				ALWAYS_SEARCH_USER_PATHS = NO;
				CLANG_ANALYZER_NONNULL = YES;
				CLANG_ANALYZER_NUMBER_OBJECT_CONVERSION = YES_AGGRESSIVE;
				CLANG_CXX_LANGUAGE_STANDARD = "gnu++14";
				CLANG_CXX_LIBRARY = "libc++";
				CLANG_ENABLE_MODULES = YES;
				CLANG_ENABLE_OBJC_ARC = YES;
				CLANG_WARN_BLOCK_CAPTURE_AUTORELEASING = YES;
				CLANG_WARN_BOOL_CONVERSION = YES;
				CLANG_WARN_COMMA = YES;
				CLANG_WARN_CONSTANT_CONVERSION = YES;
				CLANG_WARN_DIRECT_OBJC_ISA_USAGE = YES_ERROR;
				CLANG_WARN_DOCUMENTATION_COMMENTS = YES;
				CLANG_WARN_EMPTY_BODY = YES;
				CLANG_WARN_ENUM_CONVERSION = YES;
				CLANG_WARN_INFINITE_RECURSION = YES;
				CLANG_WARN_INT_CONVERSION = YES;
				CLANG_WARN_NON_LITERAL_NULL_CONVERSION = YES;
				CLANG_WARN_OBJC_LITERAL_CONVERSION = YES;
				CLANG_WARN_OBJC_ROOT_CLASS = YES_ERROR;
				CLANG_WARN_RANGE_LOOP_ANALYSIS = YES;
				CLANG_WARN_STRICT_PROTOTYPES = YES;
				CLANG_WARN_SUSPICIOUS_MOVE = YES;
				CLANG_WARN_UNGUARDED_AVAILABILITY = YES_AGGRESSIVE;
				CLANG_WARN_UNREACHABLE_CODE = YES;
				CLANG_WARN__DUPLICATE_METHOD_MATCH = YES;
				CODE_SIGN_IDENTITY = "iPhone Developer";
				COPY_PHASE_STRIP = NO;
				DEBUG_INFORMATION_FORMAT = dwarf;
				ENABLE_STRICT_OBJC_MSGSEND = YES;
				ENABLE_TESTABILITY = YES;
				GCC_C_LANGUAGE_STANDARD = gnu11;
				GCC_DYNAMIC_NO_PIC = NO;
				GCC_NO_COMMON_BLOCKS = YES;
				GCC_OPTIMIZATION_LEVEL = 0;
				GCC_PREPROCESSOR_DEFINITIONS = (
					"DEBUG=1",
					"$(inherited)",
				);
				GCC_WARN_64_TO_32_BIT_CONVERSION = YES;
				GCC_WARN_ABOUT_RETURN_TYPE = YES_ERROR;
				GCC_WARN_UNDECLARED_SELECTOR = YES;
				GCC_WARN_UNINITIALIZED_AUTOS = YES_AGGRESSIVE;
				GCC_WARN_UNUSED_FUNCTION = YES;
				GCC_WARN_UNUSED_VARIABLE = YES;
				IPHONEOS_DEPLOYMENT_TARGET = 11.2;
				MTL_ENABLE_DEBUG_INFO = YES;
				ONLY_ACTIVE_ARCH = YES;
				SDKROOT = iphoneos;
				SWIFT_ACTIVE_COMPILATION_CONDITIONS = DEBUG;
				SWIFT_OPTIMIZATION_LEVEL = "-Onone";
			};
			name = Debug;
		};
		C048BD7C20235B43008BB8E1 /* Release */ = {
			isa = XCBuildConfiguration;
			buildSettings = {
				ALWAYS_SEARCH_USER_PATHS = NO;
				CLANG_ANALYZER_NONNULL = YES;
				CLANG_ANALYZER_NUMBER_OBJECT_CONVERSION = YES_AGGRESSIVE;
				CLANG_CXX_LANGUAGE_STANDARD = "gnu++14";
				CLANG_CXX_LIBRARY = "libc++";
				CLANG_ENABLE_MODULES = YES;
				CLANG_ENABLE_OBJC_ARC = YES;
				CLANG_WARN_BLOCK_CAPTURE_AUTORELEASING = YES;
				CLANG_WARN_BOOL_CONVERSION = YES;
				CLANG_WARN_COMMA = YES;
				CLANG_WARN_CONSTANT_CONVERSION = YES;
				CLANG_WARN_DIRECT_OBJC_ISA_USAGE = YES_ERROR;
				CLANG_WARN_DOCUMENTATION_COMMENTS = YES;
				CLANG_WARN_EMPTY_BODY = YES;
				CLANG_WARN_ENUM_CONVERSION = YES;
				CLANG_WARN_INFINITE_RECURSION = YES;
				CLANG_WARN_INT_CONVERSION = YES;
				CLANG_WARN_NON_LITERAL_NULL_CONVERSION = YES;
				CLANG_WARN_OBJC_LITERAL_CONVERSION = YES;
				CLANG_WARN_OBJC_ROOT_CLASS = YES_ERROR;
				CLANG_WARN_RANGE_LOOP_ANALYSIS = YES;
				CLANG_WARN_STRICT_PROTOTYPES = YES;
				CLANG_WARN_SUSPICIOUS_MOVE = YES;
				CLANG_WARN_UNGUARDED_AVAILABILITY = YES_AGGRESSIVE;
				CLANG_WARN_UNREACHABLE_CODE = YES;
				CLANG_WARN__DUPLICATE_METHOD_MATCH = YES;
				CODE_SIGN_IDENTITY = "iPhone Developer";
				COPY_PHASE_STRIP = NO;
				DEBUG_INFORMATION_FORMAT = "dwarf-with-dsym";
				ENABLE_NS_ASSERTIONS = NO;
				ENABLE_STRICT_OBJC_MSGSEND = YES;
				GCC_C_LANGUAGE_STANDARD = gnu11;
				GCC_NO_COMMON_BLOCKS = YES;
				GCC_WARN_64_TO_32_BIT_CONVERSION = YES;
				GCC_WARN_ABOUT_RETURN_TYPE = YES_ERROR;
				GCC_WARN_UNDECLARED_SELECTOR = YES;
				GCC_WARN_UNINITIALIZED_AUTOS = YES_AGGRESSIVE;
				GCC_WARN_UNUSED_FUNCTION = YES;
				GCC_WARN_UNUSED_VARIABLE = YES;
				IPHONEOS_DEPLOYMENT_TARGET = 11.2;
				MTL_ENABLE_DEBUG_INFO = NO;
				SDKROOT = iphoneos;
				SWIFT_OPTIMIZATION_LEVEL = "-Owholemodule";
				VALIDATE_PRODUCT = YES;
			};
			name = Release;
		};
		C048BD7E20235B43008BB8E1 /* Debug */ = {
			isa = XCBuildConfiguration;
			buildSettings = {
				ASSETCATALOG_COMPILER_APPICON_NAME = AppIcon;
				CODE_SIGN_STYLE = Automatic;
				DEVELOPMENT_TEAM = G2P3G57S8Q;
				INFOPLIST_FILE = "Liar's Dice/Info.plist";
				LD_RUNPATH_SEARCH_PATHS = "$(inherited) @executable_path/Frameworks";
				PRODUCT_BUNDLE_IDENTIFIER = "com.SnowyTheDog.Liar-s-Dice";
				PRODUCT_NAME = "$(TARGET_NAME)";
				SWIFT_VERSION = 4.0;
				TARGETED_DEVICE_FAMILY = 1;
			};
			name = Debug;
		};
		C048BD7F20235B43008BB8E1 /* Release */ = {
			isa = XCBuildConfiguration;
			buildSettings = {
				ASSETCATALOG_COMPILER_APPICON_NAME = AppIcon;
				CODE_SIGN_STYLE = Automatic;
				DEVELOPMENT_TEAM = G2P3G57S8Q;
				INFOPLIST_FILE = "Liar's Dice/Info.plist";
				LD_RUNPATH_SEARCH_PATHS = "$(inherited) @executable_path/Frameworks";
				PRODUCT_BUNDLE_IDENTIFIER = "com.SnowyTheDog.Liar-s-Dice";
				PRODUCT_NAME = "$(TARGET_NAME)";
				SWIFT_VERSION = 4.0;
				TARGETED_DEVICE_FAMILY = 1;
			};
			name = Release;
		};
/* End XCBuildConfiguration section */

/* Begin XCConfigurationList section */
		C048BD6620235B43008BB8E1 /* Build configuration list for PBXProject "Liar's Dice" */ = {
			isa = XCConfigurationList;
			buildConfigurations = (
				C048BD7B20235B43008BB8E1 /* Debug */,
				C048BD7C20235B43008BB8E1 /* Release */,
			);
			defaultConfigurationIsVisible = 0;
			defaultConfigurationName = Release;
		};
		C048BD7D20235B43008BB8E1 /* Build configuration list for PBXNativeTarget "Liar's Dice" */ = {
			isa = XCConfigurationList;
			buildConfigurations = (
				C048BD7E20235B43008BB8E1 /* Debug */,
				C048BD7F20235B43008BB8E1 /* Release */,
			);
			defaultConfigurationIsVisible = 0;
			defaultConfigurationName = Release;
		};
/* End XCConfigurationList section */
	};
	rootObject = C048BD6320235B43008BB8E1 /* Project object */;
}
